// !$*UTF8*$!
{
	archiveVersion = 1;
	classes = {
	};
	objectVersion = 50;
	objects = {

/* Begin PBXBuildFile section */
		180E34B321DF0F360025603B /* Day-4-Optionals.swift in Sources */ = {isa = PBXBuildFile; fileRef = 180E34B221DF0F360025603B /* Day-4-Optionals.swift */; };
		180E34B521DF14500025603B /* Person.swift in Sources */ = {isa = PBXBuildFile; fileRef = 180E34B421DF14500025603B /* Person.swift */; };
		180E34B721DF1CD30025603B /* Day-4-Functions.swift in Sources */ = {isa = PBXBuildFile; fileRef = 180E34B621DF1CD30025603B /* Day-4-Functions.swift */; };
		180E34BD21E0633E0025603B /* FunctionsTest.swift in Sources */ = {isa = PBXBuildFile; fileRef = 180E34BC21E0633E0025603B /* FunctionsTest.swift */; };
		181EB0A521F578EB005BBF01 /* File.swift in Sources */ = {isa = PBXBuildFile; fileRef = 181EB0A421F578EB005BBF01 /* File.swift */; };
		181EB0AA21F57942005BBF01 /* Sets.swift in Sources */ = {isa = PBXBuildFile; fileRef = 181EB0A621F57942005BBF01 /* Sets.swift */; };
		181EB0AB21F57942005BBF01 /* Collections.swift in Sources */ = {isa = PBXBuildFile; fileRef = 181EB0A721F57942005BBF01 /* Collections.swift */; };
		181EB0AC21F57942005BBF01 /* Dictionaries.swift in Sources */ = {isa = PBXBuildFile; fileRef = 181EB0A821F57942005BBF01 /* Dictionaries.swift */; };
		181EB0AD21F57942005BBF01 /* StringOperations.swift in Sources */ = {isa = PBXBuildFile; fileRef = 181EB0A921F57942005BBF01 /* StringOperations.swift */; };
		181EB0AF21F57C71005BBF01 /* AccessSpecifiers.swift in Sources */ = {isa = PBXBuildFile; fileRef = 181EB0AE21F57C71005BBF01 /* AccessSpecifiers.swift */; };
		181EB15621F6CB82005BBF01 /* HOF.swift in Sources */ = {isa = PBXBuildFile; fileRef = 181EB15521F6CB82005BBF01 /* HOF.swift */; };
		181EB15821F6D450005BBF01 /* Closures.swift in Sources */ = {isa = PBXBuildFile; fileRef = 181EB15721F6D450005BBF01 /* Closures.swift */; };
		181EB15A21F82225005BBF01 /* Subscripts.swift in Sources */ = {isa = PBXBuildFile; fileRef = 181EB15921F82225005BBF01 /* Subscripts.swift */; };
		181EB15C21F82895005BBF01 /* Generics.swift in Sources */ = {isa = PBXBuildFile; fileRef = 181EB15B21F82895005BBF01 /* Generics.swift */; };
		1854373F21F0342700057DC1 /* Structures.swift in Sources */ = {isa = PBXBuildFile; fileRef = 1854373E21F0342700057DC1 /* Structures.swift */; };
		1854376D21F1847900057DC1 /* Enums.swift in Sources */ = {isa = PBXBuildFile; fileRef = 1854376C21F1847900057DC1 /* Enums.swift */; };
		1854376F21F1916600057DC1 /* Protocols.swift in Sources */ = {isa = PBXBuildFile; fileRef = 1854376E21F1916600057DC1 /* Protocols.swift */; };
		1854377121F1968300057DC1 /* Extensions.swift in Sources */ = {isa = PBXBuildFile; fileRef = 1854377021F1968300057DC1 /* Extensions.swift */; };
		18BFB8C321CCA759003A8C70 /* Day-2_Operators+ControlStatements.swift in Sources */ = {isa = PBXBuildFile; fileRef = 18BFB8C221CCA759003A8C70 /* Day-2_Operators+ControlStatements.swift */; };
		18BFB8CF21DDC0D1003A8C70 /* Day-3-Switch.swift in Sources */ = {isa = PBXBuildFile; fileRef = 18BFB8CE21DDC0D1003A8C70 /* Day-3-Switch.swift */; };
		18BFB8D121DDC538003A8C70 /* Day-3-TypeCast&Check.swift in Sources */ = {isa = PBXBuildFile; fileRef = 18BFB8D021DDC538003A8C70 /* Day-3-TypeCast&Check.swift */; };
		18C0185921CB4BEB00E2B6AD /* main.swift in Sources */ = {isa = PBXBuildFile; fileRef = 18C0185821CB4BEB00E2B6AD /* main.swift */; };
		18C0186021CB4C4700E2B6AD /* 1-Datatypes.swift in Sources */ = {isa = PBXBuildFile; fileRef = 18C0185F21CB4C4700E2B6AD /* 1-Datatypes.swift */; };
		18DE7DA421E30A7F0020882A /* Classes.swift in Sources */ = {isa = PBXBuildFile; fileRef = 18DE7DA321E30A7F0020882A /* Classes.swift */; };
		18DE7DCD21E4578C0020882A /* Human.swift in Sources */ = {isa = PBXBuildFile; fileRef = 18DE7DCC21E4578C0020882A /* Human.swift */; };
		18DE7DCF21E45BCC0020882A /* Job.swift in Sources */ = {isa = PBXBuildFile; fileRef = 18DE7DCE21E45BCC0020882A /* Job.swift */; };
		18DE7DD121E4FF7D0020882A /* Strings.swift in Sources */ = {isa = PBXBuildFile; fileRef = 18DE7DD021E4FF7D0020882A /* Strings.swift */; };
		18DE7DD321E5AD750020882A /* Properties.swift in Sources */ = {isa = PBXBuildFile; fileRef = 18DE7DD221E5AD750020882A /* Properties.swift */; };
		18DE7DD521E5B3A90020882A /* Initialisers.swift in Sources */ = {isa = PBXBuildFile; fileRef = 18DE7DD421E5B3A90020882A /* Initialisers.swift */; };
		18DE7DD721E6FB6A0020882A /* Inheritence.swift in Sources */ = {isa = PBXBuildFile; fileRef = 18DE7DD621E6FB6A0020882A /* Inheritence.swift */; };
		18DE7DD921E700970020882A /* Overloading.swift in Sources */ = {isa = PBXBuildFile; fileRef = 18DE7DD821E700970020882A /* Overloading.swift */; };
/* End PBXBuildFile section */

/* Begin PBXCopyFilesBuildPhase section */
		18C0185321CB4BEA00E2B6AD /* CopyFiles */ = {
			isa = PBXCopyFilesBuildPhase;
			buildActionMask = 2147483647;
			dstPath = /usr/share/man/man1/;
			dstSubfolderSpec = 0;
			files = (
			);
			runOnlyForDeploymentPostprocessing = 1;
		};
/* End PBXCopyFilesBuildPhase section */

/* Begin PBXFileReference section */
		180E34B221DF0F360025603B /* Day-4-Optionals.swift */ = {isa = PBXFileReference; lastKnownFileType = sourcecode.swift; path = "Day-4-Optionals.swift"; sourceTree = "<group>"; };
		180E34B421DF14500025603B /* Person.swift */ = {isa = PBXFileReference; lastKnownFileType = sourcecode.swift; path = Person.swift; sourceTree = "<group>"; };
		180E34B621DF1CD30025603B /* Day-4-Functions.swift */ = {isa = PBXFileReference; lastKnownFileType = sourcecode.swift; path = "Day-4-Functions.swift"; sourceTree = "<group>"; };
		180E34BC21E0633E0025603B /* FunctionsTest.swift */ = {isa = PBXFileReference; lastKnownFileType = sourcecode.swift; path = FunctionsTest.swift; sourceTree = "<group>"; };
		181EB0A121F2F33B005BBF01 /* 9-10 sw-CollectionsV3.1_PDF.pdf */ = {isa = PBXFileReference; lastKnownFileType = image.pdf; path = "9-10 sw-CollectionsV3.1_PDF.pdf"; sourceTree = "<group>"; };
		181EB0A421F578EB005BBF01 /* File.swift */ = {isa = PBXFileReference; lastKnownFileType = sourcecode.swift; path = File.swift; sourceTree = "<group>"; };
		181EB0A621F57942005BBF01 /* Sets.swift */ = {isa = PBXFileReference; fileEncoding = 4; lastKnownFileType = sourcecode.swift; path = Sets.swift; sourceTree = "<group>"; };
		181EB0A721F57942005BBF01 /* Collections.swift */ = {isa = PBXFileReference; fileEncoding = 4; lastKnownFileType = sourcecode.swift; path = Collections.swift; sourceTree = "<group>"; };
		181EB0A821F57942005BBF01 /* Dictionaries.swift */ = {isa = PBXFileReference; fileEncoding = 4; lastKnownFileType = sourcecode.swift; path = Dictionaries.swift; sourceTree = "<group>"; };
		181EB0A921F57942005BBF01 /* StringOperations.swift */ = {isa = PBXFileReference; fileEncoding = 4; lastKnownFileType = sourcecode.swift; path = StringOperations.swift; sourceTree = "<group>"; };
		181EB0AE21F57C71005BBF01 /* AccessSpecifiers.swift */ = {isa = PBXFileReference; lastKnownFileType = sourcecode.swift; path = AccessSpecifiers.swift; sourceTree = "<group>"; };
		181EB15321F6CA01005BBF01 /* 16-Sw-AccessControl_PDF.pdf */ = {isa = PBXFileReference; lastKnownFileType = image.pdf; path = "16-Sw-AccessControl_PDF.pdf"; sourceTree = "<group>"; };
		181EB15421F6CA02005BBF01 /* 17 Sw-MemoryManagement_PDF.pdf */ = {isa = PBXFileReference; lastKnownFileType = image.pdf; path = "17 Sw-MemoryManagement_PDF.pdf"; sourceTree = "<group>"; };
		181EB15521F6CB82005BBF01 /* HOF.swift */ = {isa = PBXFileReference; lastKnownFileType = sourcecode.swift; path = HOF.swift; sourceTree = "<group>"; };
		181EB15721F6D450005BBF01 /* Closures.swift */ = {isa = PBXFileReference; lastKnownFileType = sourcecode.swift; path = Closures.swift; sourceTree = "<group>"; };
		181EB15921F82225005BBF01 /* Subscripts.swift */ = {isa = PBXFileReference; lastKnownFileType = sourcecode.swift; path = Subscripts.swift; sourceTree = "<group>"; };
		181EB15B21F82895005BBF01 /* Generics.swift */ = {isa = PBXFileReference; lastKnownFileType = sourcecode.swift; path = Generics.swift; sourceTree = "<group>"; };
		1854373E21F0342700057DC1 /* Structures.swift */ = {isa = PBXFileReference; lastKnownFileType = sourcecode.swift; path = Structures.swift; sourceTree = "<group>"; };
		1854374121F0433E00057DC1 /* 3.2-Sw-Classes&StructuresV3.1_PDF.pdf */ = {isa = PBXFileReference; lastKnownFileType = image.pdf; path = "3.2-Sw-Classes&StructuresV3.1_PDF.pdf"; sourceTree = "<group>"; };
		1854374221F0436C00057DC1 /* IQ-Slides_PDF.pdf */ = {isa = PBXFileReference; lastKnownFileType = image.pdf; path = "IQ-Slides_PDF.pdf"; sourceTree = "<group>"; };
		1854374321F0436D00057DC1 /* Da-2...Swiftv3.1.pdf */ = {isa = PBXFileReference; lastKnownFileType = image.pdf; path = "Da-2...Swiftv3.1.pdf"; sourceTree = "<group>"; };
		1854374421F0436F00057DC1 /* Day-1-Tools-Overview.pdf */ = {isa = PBXFileReference; lastKnownFileType = image.pdf; path = "Day-1-Tools-Overview.pdf"; sourceTree = "<group>"; };
		1854374521F0436F00057DC1 /* 6-7 OOPsV3.1_PDF.pdf */ = {isa = PBXFileReference; lastKnownFileType = image.pdf; path = "6-7 OOPsV3.1_PDF.pdf"; sourceTree = "<group>"; };
		1854374621F0436F00057DC1 /* 3.1-Sw-FunctionsV3.1_PDF.pdf */ = {isa = PBXFileReference; lastKnownFileType = image.pdf; path = "3.1-Sw-FunctionsV3.1_PDF.pdf"; sourceTree = "<group>"; };
		1854376C21F1847900057DC1 /* Enums.swift */ = {isa = PBXFileReference; lastKnownFileType = sourcecode.swift; path = Enums.swift; sourceTree = "<group>"; };
		1854376E21F1916600057DC1 /* Protocols.swift */ = {isa = PBXFileReference; lastKnownFileType = sourcecode.swift; path = Protocols.swift; sourceTree = "<group>"; };
		1854377021F1968300057DC1 /* Extensions.swift */ = {isa = PBXFileReference; lastKnownFileType = sourcecode.swift; path = Extensions.swift; sourceTree = "<group>"; };
		1854377221F199F300057DC1 /* 12-Sw-Extensions_PDF.pdf */ = {isa = PBXFileReference; lastKnownFileType = image.pdf; path = "12-Sw-Extensions_PDF.pdf"; sourceTree = "<group>"; };
		1854377321F199F300057DC1 /* 3.3-Sw-EnumsV3.1_PDF.pdf */ = {isa = PBXFileReference; lastKnownFileType = image.pdf; path = "3.3-Sw-EnumsV3.1_PDF.pdf"; sourceTree = "<group>"; };
		1854377421F199F300057DC1 /* 11-Sw-ProtocolsV3.1_PDF.pdf */ = {isa = PBXFileReference; lastKnownFileType = image.pdf; path = "11-Sw-ProtocolsV3.1_PDF.pdf"; sourceTree = "<group>"; };
		18BFB8C221CCA759003A8C70 /* Day-2_Operators+ControlStatements.swift */ = {isa = PBXFileReference; lastKnownFileType = sourcecode.swift; path = "Day-2_Operators+ControlStatements.swift"; sourceTree = "<group>"; };
		18BFB8CE21DDC0D1003A8C70 /* Day-3-Switch.swift */ = {isa = PBXFileReference; lastKnownFileType = sourcecode.swift; path = "Day-3-Switch.swift"; sourceTree = "<group>"; };
		18BFB8D021DDC538003A8C70 /* Day-3-TypeCast&Check.swift */ = {isa = PBXFileReference; lastKnownFileType = sourcecode.swift; path = "Day-3-TypeCast&Check.swift"; sourceTree = "<group>"; };
		18C0185521CB4BEB00E2B6AD /* CompleteSwiftPractical */ = {isa = PBXFileReference; explicitFileType = "compiled.mach-o.executable"; includeInIndex = 0; path = CompleteSwiftPractical; sourceTree = BUILT_PRODUCTS_DIR; };
		18C0185821CB4BEB00E2B6AD /* main.swift */ = {isa = PBXFileReference; lastKnownFileType = sourcecode.swift; path = main.swift; sourceTree = "<group>"; };
		18C0185F21CB4C4700E2B6AD /* 1-Datatypes.swift */ = {isa = PBXFileReference; lastKnownFileType = sourcecode.swift; path = "1-Datatypes.swift"; sourceTree = "<group>"; };
		18DE7DA321E30A7F0020882A /* Classes.swift */ = {isa = PBXFileReference; lastKnownFileType = sourcecode.swift; path = Classes.swift; sourceTree = "<group>"; };
		18DE7DCC21E4578C0020882A /* Human.swift */ = {isa = PBXFileReference; lastKnownFileType = sourcecode.swift; path = Human.swift; sourceTree = "<group>"; };
		18DE7DCE21E45BCC0020882A /* Job.swift */ = {isa = PBXFileReference; lastKnownFileType = sourcecode.swift; path = Job.swift; sourceTree = "<group>"; };
		18DE7DD021E4FF7D0020882A /* Strings.swift */ = {isa = PBXFileReference; lastKnownFileType = sourcecode.swift; path = Strings.swift; sourceTree = "<group>"; };
		18DE7DD221E5AD750020882A /* Properties.swift */ = {isa = PBXFileReference; lastKnownFileType = sourcecode.swift; path = Properties.swift; sourceTree = "<group>"; };
		18DE7DD421E5B3A90020882A /* Initialisers.swift */ = {isa = PBXFileReference; lastKnownFileType = sourcecode.swift; path = Initialisers.swift; sourceTree = "<group>"; };
		18DE7DD621E6FB6A0020882A /* Inheritence.swift */ = {isa = PBXFileReference; lastKnownFileType = sourcecode.swift; path = Inheritence.swift; sourceTree = "<group>"; };
		18DE7DD821E700970020882A /* Overloading.swift */ = {isa = PBXFileReference; lastKnownFileType = sourcecode.swift; path = Overloading.swift; sourceTree = "<group>"; };
/* End PBXFileReference section */

/* Begin PBXFrameworksBuildPhase section */
		18C0185221CB4BEA00E2B6AD /* Frameworks */ = {
			isa = PBXFrameworksBuildPhase;
			buildActionMask = 2147483647;
			files = (
			);
			runOnlyForDeploymentPostprocessing = 0;
		};
/* End PBXFrameworksBuildPhase section */

/* Begin PBXGroup section */
		1854374021F042B900057DC1 /* Documentation */ = {
			isa = PBXGroup;
			children = (
				181EB0A121F2F33B005BBF01 /* 9-10 sw-CollectionsV3.1_PDF.pdf */,
				1854374621F0436F00057DC1 /* 3.1-Sw-FunctionsV3.1_PDF.pdf */,
				1854374521F0436F00057DC1 /* 6-7 OOPsV3.1_PDF.pdf */,
				1854377321F199F300057DC1 /* 3.3-Sw-EnumsV3.1_PDF.pdf */,
				1854377421F199F300057DC1 /* 11-Sw-ProtocolsV3.1_PDF.pdf */,
				1854377221F199F300057DC1 /* 12-Sw-Extensions_PDF.pdf */,
				181EB15321F6CA01005BBF01 /* 16-Sw-AccessControl_PDF.pdf */,
				181EB15421F6CA02005BBF01 /* 17 Sw-MemoryManagement_PDF.pdf */,
				1854374321F0436D00057DC1 /* Da-2...Swiftv3.1.pdf */,
				1854374421F0436F00057DC1 /* Day-1-Tools-Overview.pdf */,
				1854374221F0436C00057DC1 /* IQ-Slides_PDF.pdf */,
				1854374121F0433E00057DC1 /* 3.2-Sw-Classes&StructuresV3.1_PDF.pdf */,
			);
			path = Documentation;
			sourceTree = "<group>";
		};
		18C0184C21CB4BEA00E2B6AD = {
			isa = PBXGroup;
			children = (
				1854374021F042B900057DC1 /* Documentation */,
				18C0185721CB4BEB00E2B6AD /* CompleteSwiftPractical */,
				18C0185621CB4BEB00E2B6AD /* Products */,
			);
			sourceTree = "<group>";
		};
		18C0185621CB4BEB00E2B6AD /* Products */ = {
			isa = PBXGroup;
			children = (
				18C0185521CB4BEB00E2B6AD /* CompleteSwiftPractical */,
			);
			name = Products;
			sourceTree = "<group>";
		};
		18C0185721CB4BEB00E2B6AD /* CompleteSwiftPractical */ = {
			isa = PBXGroup;
			children = (
				18C0185821CB4BEB00E2B6AD /* main.swift */,
				181EB0A721F57942005BBF01 /* Collections.swift */,
				181EB0A821F57942005BBF01 /* Dictionaries.swift */,
				181EB0A621F57942005BBF01 /* Sets.swift */,
				181EB0A921F57942005BBF01 /* StringOperations.swift */,
				18C0185F21CB4C4700E2B6AD /* 1-Datatypes.swift */,
				18BFB8C221CCA759003A8C70 /* Day-2_Operators+ControlStatements.swift */,
				18BFB8CE21DDC0D1003A8C70 /* Day-3-Switch.swift */,
				18BFB8D021DDC538003A8C70 /* Day-3-TypeCast&Check.swift */,
				180E34B221DF0F360025603B /* Day-4-Optionals.swift */,
				180E34B621DF1CD30025603B /* Day-4-Functions.swift */,
				180E34B421DF14500025603B /* Person.swift */,
				180E34BC21E0633E0025603B /* FunctionsTest.swift */,
				18DE7DA321E30A7F0020882A /* Classes.swift */,
				18DE7DCC21E4578C0020882A /* Human.swift */,
				18DE7DCE21E45BCC0020882A /* Job.swift */,
				18DE7DD221E5AD750020882A /* Properties.swift */,
				18DE7DD421E5B3A90020882A /* Initialisers.swift */,
				18DE7DD621E6FB6A0020882A /* Inheritence.swift */,
				18DE7DD821E700970020882A /* Overloading.swift */,
				18DE7DD021E4FF7D0020882A /* Strings.swift */,
				1854373E21F0342700057DC1 /* Structures.swift */,
				1854376C21F1847900057DC1 /* Enums.swift */,
				1854376E21F1916600057DC1 /* Protocols.swift */,
				1854377021F1968300057DC1 /* Extensions.swift */,
				181EB0A421F578EB005BBF01 /* File.swift */,
				181EB0AE21F57C71005BBF01 /* AccessSpecifiers.swift */,
				181EB15521F6CB82005BBF01 /* HOF.swift */,
				181EB15721F6D450005BBF01 /* Closures.swift */,
				181EB15921F82225005BBF01 /* Subscripts.swift */,
				181EB15B21F82895005BBF01 /* Generics.swift */,
			);
			path = CompleteSwiftPractical;
			sourceTree = "<group>";
		};
/* End PBXGroup section */

/* Begin PBXNativeTarget section */
		18C0185421CB4BEA00E2B6AD /* CompleteSwiftPractical */ = {
			isa = PBXNativeTarget;
			buildConfigurationList = 18C0185C21CB4BEB00E2B6AD /* Build configuration list for PBXNativeTarget "CompleteSwiftPractical" */;
			buildPhases = (
				18C0185121CB4BEA00E2B6AD /* Sources */,
				18C0185221CB4BEA00E2B6AD /* Frameworks */,
				18C0185321CB4BEA00E2B6AD /* CopyFiles */,
			);
			buildRules = (
			);
			dependencies = (
			);
			name = CompleteSwiftPractical;
			productName = CompleteSwiftPractical;
			productReference = 18C0185521CB4BEB00E2B6AD /* CompleteSwiftPractical */;
			productType = "com.apple.product-type.tool";
		};
/* End PBXNativeTarget section */

/* Begin PBXProject section */
		18C0184D21CB4BEA00E2B6AD /* Project object */ = {
			isa = PBXProject;
			attributes = {
				LastSwiftUpdateCheck = 1010;
				LastUpgradeCheck = 1010;
				ORGANIZATIONNAME = iOSProofs;
				TargetAttributes = {
					18C0185421CB4BEA00E2B6AD = {
						CreatedOnToolsVersion = 10.1;
					};
				};
			};
			buildConfigurationList = 18C0185021CB4BEA00E2B6AD /* Build configuration list for PBXProject "CompleteSwiftPractical" */;
			compatibilityVersion = "Xcode 9.3";
			developmentRegion = en;
			hasScannedForEncodings = 0;
			knownRegions = (
				en,
			);
			mainGroup = 18C0184C21CB4BEA00E2B6AD;
			productRefGroup = 18C0185621CB4BEB00E2B6AD /* Products */;
			projectDirPath = "";
			projectRoot = "";
			targets = (
				18C0185421CB4BEA00E2B6AD /* CompleteSwiftPractical */,
			);
		};
/* End PBXProject section */

/* Begin PBXSourcesBuildPhase section */
		18C0185121CB4BEA00E2B6AD /* Sources */ = {
			isa = PBXSourcesBuildPhase;
			buildActionMask = 2147483647;
			files = (
				180E34BD21E0633E0025603B /* FunctionsTest.swift in Sources */,
				181EB0AC21F57942005BBF01 /* Dictionaries.swift in Sources */,
				181EB15C21F82895005BBF01 /* Generics.swift in Sources */,
				1854373F21F0342700057DC1 /* Structures.swift in Sources */,
				18C0185921CB4BEB00E2B6AD /* main.swift in Sources */,
				181EB0AB21F57942005BBF01 /* Collections.swift in Sources */,
				180E34B321DF0F360025603B /* Day-4-Optionals.swift in Sources */,
				18DE7DCD21E4578C0020882A /* Human.swift in Sources */,
				18BFB8C321CCA759003A8C70 /* Day-2_Operators+ControlStatements.swift in Sources */,
				18DE7DD921E700970020882A /* Overloading.swift in Sources */,
				180E34B721DF1CD30025603B /* Day-4-Functions.swift in Sources */,
				18DE7DD321E5AD750020882A /* Properties.swift in Sources */,
				181EB0A521F578EB005BBF01 /* File.swift in Sources */,
				18DE7DD521E5B3A90020882A /* Initialisers.swift in Sources */,
				181EB15821F6D450005BBF01 /* Closures.swift in Sources */,
				181EB0AA21F57942005BBF01 /* Sets.swift in Sources */,
				18BFB8D121DDC538003A8C70 /* Day-3-TypeCast&Check.swift in Sources */,
				181EB0AF21F57C71005BBF01 /* AccessSpecifiers.swift in Sources */,
				18DE7DD121E4FF7D0020882A /* Strings.swift in Sources */,
				18DE7DD721E6FB6A0020882A /* Inheritence.swift in Sources */,
				1854377121F1968300057DC1 /* Extensions.swift in Sources */,
				181EB0AD21F57942005BBF01 /* StringOperations.swift in Sources */,
				18DE7DCF21E45BCC0020882A /* Job.swift in Sources */,
				180E34B521DF14500025603B /* Person.swift in Sources */,
				1854376F21F1916600057DC1 /* Protocols.swift in Sources */,
				18BFB8CF21DDC0D1003A8C70 /* Day-3-Switch.swift in Sources */,
				181EB15A21F82225005BBF01 /* Subscripts.swift in Sources */,
				18DE7DA421E30A7F0020882A /* Classes.swift in Sources */,
				181EB15621F6CB82005BBF01 /* HOF.swift in Sources */,
				18C0186021CB4C4700E2B6AD /* 1-Datatypes.swift in Sources */,
				1854376D21F1847900057DC1 /* Enums.swift in Sources */,
			);
			runOnlyForDeploymentPostprocessing = 0;
		};
/* End PBXSourcesBuildPhase section */

/* Begin XCBuildConfiguration section */
		18C0185A21CB4BEB00E2B6AD /* Debug */ = {
			isa = XCBuildConfiguration;
			buildSettings = {
				ALWAYS_SEARCH_USER_PATHS = NO;
				CLANG_ANALYZER_NONNULL = YES;
				CLANG_ANALYZER_NUMBER_OBJECT_CONVERSION = YES_AGGRESSIVE;
				CLANG_CXX_LANGUAGE_STANDARD = "gnu++14";
				CLANG_CXX_LIBRARY = "libc++";
				CLANG_ENABLE_MODULES = YES;
				CLANG_ENABLE_OBJC_ARC = YES;
				CLANG_ENABLE_OBJC_WEAK = YES;
				CLANG_WARN_BLOCK_CAPTURE_AUTORELEASING = YES;
				CLANG_WARN_BOOL_CONVERSION = YES;
				CLANG_WARN_COMMA = YES;
				CLANG_WARN_CONSTANT_CONVERSION = YES;
				CLANG_WARN_DEPRECATED_OBJC_IMPLEMENTATIONS = YES;
				CLANG_WARN_DIRECT_OBJC_ISA_USAGE = YES_ERROR;
				CLANG_WARN_DOCUMENTATION_COMMENTS = YES;
				CLANG_WARN_EMPTY_BODY = YES;
				CLANG_WARN_ENUM_CONVERSION = YES;
				CLANG_WARN_INFINITE_RECURSION = YES;
				CLANG_WARN_INT_CONVERSION = YES;
				CLANG_WARN_NON_LITERAL_NULL_CONVERSION = YES;
				CLANG_WARN_OBJC_IMPLICIT_RETAIN_SELF = YES;
				CLANG_WARN_OBJC_LITERAL_CONVERSION = YES;
				CLANG_WARN_OBJC_ROOT_CLASS = YES_ERROR;
				CLANG_WARN_RANGE_LOOP_ANALYSIS = YES;
				CLANG_WARN_STRICT_PROTOTYPES = YES;
				CLANG_WARN_SUSPICIOUS_MOVE = YES;
				CLANG_WARN_UNGUARDED_AVAILABILITY = YES_AGGRESSIVE;
				CLANG_WARN_UNREACHABLE_CODE = YES;
				CLANG_WARN__DUPLICATE_METHOD_MATCH = YES;
				CODE_SIGN_IDENTITY = "-";
				COPY_PHASE_STRIP = NO;
				DEBUG_INFORMATION_FORMAT = dwarf;
				ENABLE_STRICT_OBJC_MSGSEND = YES;
				ENABLE_TESTABILITY = YES;
				GCC_C_LANGUAGE_STANDARD = gnu11;
				GCC_DYNAMIC_NO_PIC = NO;
				GCC_NO_COMMON_BLOCKS = YES;
				GCC_OPTIMIZATION_LEVEL = 0;
				GCC_PREPROCESSOR_DEFINITIONS = (
					"DEBUG=1",
					"$(inherited)",
				);
				GCC_WARN_64_TO_32_BIT_CONVERSION = YES;
				GCC_WARN_ABOUT_RETURN_TYPE = YES_ERROR;
				GCC_WARN_UNDECLARED_SELECTOR = YES;
				GCC_WARN_UNINITIALIZED_AUTOS = YES_AGGRESSIVE;
				GCC_WARN_UNUSED_FUNCTION = YES;
				GCC_WARN_UNUSED_VARIABLE = YES;
				MACOSX_DEPLOYMENT_TARGET = 10.14;
				MTL_ENABLE_DEBUG_INFO = INCLUDE_SOURCE;
				MTL_FAST_MATH = YES;
				ONLY_ACTIVE_ARCH = YES;
				SDKROOT = macosx;
				SWIFT_ACTIVE_COMPILATION_CONDITIONS = DEBUG;
				SWIFT_OPTIMIZATION_LEVEL = "-Onone";
			};
			name = Debug;
		};
		18C0185B21CB4BEB00E2B6AD /* Release */ = {
			isa = XCBuildConfiguration;
			buildSettings = {
				ALWAYS_SEARCH_USER_PATHS = NO;
				CLANG_ANALYZER_NONNULL = YES;
				CLANG_ANALYZER_NUMBER_OBJECT_CONVERSION = YES_AGGRESSIVE;
				CLANG_CXX_LANGUAGE_STANDARD = "gnu++14";
				CLANG_CXX_LIBRARY = "libc++";
				CLANG_ENABLE_MODULES = YES;
				CLANG_ENABLE_OBJC_ARC = YES;
				CLANG_ENABLE_OBJC_WEAK = YES;
				CLANG_WARN_BLOCK_CAPTURE_AUTORELEASING = YES;
				CLANG_WARN_BOOL_CONVERSION = YES;
				CLANG_WARN_COMMA = YES;
				CLANG_WARN_CONSTANT_CONVERSION = YES;
				CLANG_WARN_DEPRECATED_OBJC_IMPLEMENTATIONS = YES;
				CLANG_WARN_DIRECT_OBJC_ISA_USAGE = YES_ERROR;
				CLANG_WARN_DOCUMENTATION_COMMENTS = YES;
				CLANG_WARN_EMPTY_BODY = YES;
				CLANG_WARN_ENUM_CONVERSION = YES;
				CLANG_WARN_INFINITE_RECURSION = YES;
				CLANG_WARN_INT_CONVERSION = YES;
				CLANG_WARN_NON_LITERAL_NULL_CONVERSION = YES;
				CLANG_WARN_OBJC_IMPLICIT_RETAIN_SELF = YES;
				CLANG_WARN_OBJC_LITERAL_CONVERSION = YES;
				CLANG_WARN_OBJC_ROOT_CLASS = YES_ERROR;
				CLANG_WARN_RANGE_LOOP_ANALYSIS = YES;
				CLANG_WARN_STRICT_PROTOTYPES = YES;
				CLANG_WARN_SUSPICIOUS_MOVE = YES;
				CLANG_WARN_UNGUARDED_AVAILABILITY = YES_AGGRESSIVE;
				CLANG_WARN_UNREACHABLE_CODE = YES;
				CLANG_WARN__DUPLICATE_METHOD_MATCH = YES;
				CODE_SIGN_IDENTITY = "-";
				COPY_PHASE_STRIP = NO;
				DEBUG_INFORMATION_FORMAT = "dwarf-with-dsym";
				ENABLE_NS_ASSERTIONS = NO;
				ENABLE_STRICT_OBJC_MSGSEND = YES;
				GCC_C_LANGUAGE_STANDARD = gnu11;
				GCC_NO_COMMON_BLOCKS = YES;
				GCC_WARN_64_TO_32_BIT_CONVERSION = YES;
				GCC_WARN_ABOUT_RETURN_TYPE = YES_ERROR;
				GCC_WARN_UNDECLARED_SELECTOR = YES;
				GCC_WARN_UNINITIALIZED_AUTOS = YES_AGGRESSIVE;
				GCC_WARN_UNUSED_FUNCTION = YES;
				GCC_WARN_UNUSED_VARIABLE = YES;
				MACOSX_DEPLOYMENT_TARGET = 10.14;
				MTL_ENABLE_DEBUG_INFO = NO;
				MTL_FAST_MATH = YES;
				SDKROOT = macosx;
				SWIFT_COMPILATION_MODE = wholemodule;
				SWIFT_OPTIMIZATION_LEVEL = "-O";
			};
			name = Release;
		};
		18C0185D21CB4BEB00E2B6AD /* Debug */ = {
			isa = XCBuildConfiguration;
			buildSettings = {
				CODE_SIGN_STYLE = Automatic;
				PRODUCT_NAME = "$(TARGET_NAME)";
				SWIFT_VERSION = 4.2;
			};
			name = Debug;
		};
		18C0185E21CB4BEB00E2B6AD /* Release */ = {
			isa = XCBuildConfiguration;
			buildSettings = {
				CODE_SIGN_STYLE = Automatic;
				PRODUCT_NAME = "$(TARGET_NAME)";
				SWIFT_VERSION = 4.2;
			};
			name = Release;
		};
/* End XCBuildConfiguration section */

/* Begin XCConfigurationList section */
		18C0185021CB4BEA00E2B6AD /* Build configuration list for PBXProject "CompleteSwiftPractical" */ = {
			isa = XCConfigurationList;
			buildConfigurations = (
				18C0185A21CB4BEB00E2B6AD /* Debug */,
				18C0185B21CB4BEB00E2B6AD /* Release */,
			);
			defaultConfigurationIsVisible = 0;
			defaultConfigurationName = Release;
		};
		18C0185C21CB4BEB00E2B6AD /* Build configuration list for PBXNativeTarget "CompleteSwiftPractical" */ = {
			isa = XCConfigurationList;
			buildConfigurations = (
				18C0185D21CB4BEB00E2B6AD /* Debug */,
				18C0185E21CB4BEB00E2B6AD /* Release */,
			);
			defaultConfigurationIsVisible = 0;
			defaultConfigurationName = Release;
		};
/* End XCConfigurationList section */
	};
	rootObject = 18C0184D21CB4BEA00E2B6AD /* Project object */;
}
